154.pages.dev/encoding v1.9.5 h1:Dv+KjM8bENG8JlB93ZL+QFbczoA1b0zqyBbLpi4X0Rs=
154.pages.dev/encoding v1.9.5/go.mod h1:L/VuQ0Vb663NSsptCg+3QK5LTGgyL7ImAkbgNRRtKjc=
154.pages.dev/http v1.0.7 h1:n1MaAvmdQSTY2h/Iq6XlHROdzHUcimd+TBTB6Hdnks8=
154.pages.dev/http v1.0.7/go.mod h1:eC/TZ61tw5KDz9dQS9izhbFKaqO+gpztnE+cT/NmjDs=
154.pages.dev/strconv v1.0.2 h1:OrPh+18VwSXFUK2QoYcZWY+t7Dn+gHHQCJDGTs0JqgY=
154.pages.dev/strconv v1.0.2/go.mod h1:HPQpZS7s8hlNlF5X2DNlT3qft3mN4rluNJW+GjbTf9I=
154.pages.dev/widevine v1.0.2 h1:dxABiisBkwUCaGZ1S30IqqvmZskqhCnTyekDL3tC0cM=
154.pages.dev/widevine v1.0.2/go.mod h1:EF/BAOJMxlWW75l/cjHQ5PR2PfPDCj8RpHPaUZWBZbE=
github.com/Eyevinn/mp4ff v0.36.0 h1:NMPx0GCzWJFkdKrLlKyXsYcTjlaFruFvo6jqQ3JCzWw=
github.com/Eyevinn/mp4ff v0.36.0/go.mod h1:w/6GSa5ghZ1VavzJK6McQ2/flx8mKtcrKDr11SsEweA=
github.com/chmike/cmac-go v1.1.0 h1:aF73ZAEx9N2WdQc93DOJ2fMsBDAGqUtuenjMJMb3kEI=
github.com/chmike/cmac-go v1.1.0/go.mod h1:wcIN7NRqWSKGuORzd4dReBkoBDE9ZBqfyTVxyDxGeUw=
github.com/go-test/deep v1.0.8 h1:TDsG77qcSprGbC6vTN8OuXp5g+J+b5Pcguhf7Zt61VM=
github.com/go-test/deep v1.0.8/go.mod h1:5C2ZWiW0ErCdrYzpqxLbTX7MG14M9iiw8DgHncVwcsE=
github.com/golang/protobuf v1.5.0/go.mod h1:FsONVRAS9T7sI+LIUmWTfcYkHO4aIWwzhcaSAoJOfIk=
github.com/google/go-cmp v0.5.5/go.mod h1:v8dTdLbMG2kIc/vJvl+f65V22dbkXbowE6jgT/gNBxE=
golang.org/x/exp v0.0.0-20230713183714-613f0c0eb8a1 h1:MGwJjxBy0HJshjDNfLsYO8xppfqWlA5ZT9OhtUUhTNw=
golang.org/x/exp v0.0.0-20230713183714-613f0c0eb8a1/go.mod h1:FXUEEKJgO7OQYeo8N01OfiKP8RXMtf6e8aTskBGqWdc=
golang.org/x/xerrors v0.0.0-20191204190536-9bdfabe68543/go.mod h1:I/5z698sn9Ka8TeJc9MKroUUfqBBauWjQqLJ2OPfmY0=
google.golang.org/protobuf v1.26.0-rc.1/go.mod h1:jlhhOSvTdKEhbULTjvd4ARK9grFBp09yW+WbY/TyQbw=
google.golang.org/protobuf v1.31.0 h1:g0LDEJHgrBl9N9r17Ru3sqWhkIx2NB67okBHPwC7hs8=
google.golang.org/protobuf v1.31.0/go.mod h1:HV8QOd/L58Z+nl8r43ehVNZIU/HEI6OcFqwMG9pJV4I=
