2a.pages.dev/rosso v1.5.4 h1:7zj5tIo2Xbs+aRTqyWZHZjJjLEgK/DQZY2ulNxc41Jo=
2a.pages.dev/rosso v1.5.4/go.mod h1:0brYsk6T12KaGCOq03MRIsYubQI+ZZgsn+nhpMYG+D4=
github.com/klaidas/go-oauth1 v0.0.0-20190306224042-169193bf805e h1:EpTVRugMf9escJiIIoXwLoDAoIizgoMnrB4HkF6ezEU=
github.com/klaidas/go-oauth1 v0.0.0-20190306224042-169193bf805e/go.mod h1:XiDW+xfKcphjyGVNIa1BBKIolcFUEPirbszD06JeJMc=
